
Microsoft Visual Studio Solution File, Format Version 12.00
# Visual Studio Version 17
VisualStudioVersion = 17.8.34330.188
MinimumVisualStudioVersion = 10.0.40219.1
Project("{9A19103F-16F7-4668-BE54-9A1E7A4F7556}") = "Exercicios1", "Exercicio1\Exercicios1.csproj", "{A61C1025-A596-41E9-BF75-5E6501CE910E}"
EndProject
Project("{9A19103F-16F7-4668-BE54-9A1E7A4F7556}") = "Exercicios2", "Exercicios2\Exercicios2.csproj", "{3B9D7E03-1928-4AFB-BACA-AB6812C9B114}"
EndProject
Project("{9A19103F-16F7-4668-BE54-9A1E7A4F7556}") = "Exercicios3", "Exercicios3\Exercicios3.csproj", "{ADD7C111-12C9-4356-B755-C5F0B863DCB7}"
EndProject
Project("{FAE04EC0-301F-11D3-BF4B-00C04F79EFBC}") = "Exercicios4", "Exercicios4\Exercicios4.csproj", "{5B1F1C90-D9CA-40B1-B9F4-4AB1FA7A4740}"
EndProject
Project("{FAE04EC0-301F-11D3-BF4B-00C04F79EFBC}") = "Exercicios5", "Exercicios5\Exercicios5.csproj", "{D7C54B3E-ECB7-4F30-9839-DA1860D9199F}"
EndProject
Global
	GlobalSection(SolutionConfigurationPlatforms) = preSolution
		Debug|Any CPU = Debug|Any CPU
		Release|Any CPU = Release|Any CPU
	EndGlobalSection
	GlobalSection(ProjectConfigurationPlatforms) = postSolution
		{A61C1025-A596-41E9-BF75-5E6501CE910E}.Debug|Any CPU.ActiveCfg = Debug|Any CPU
		{A61C1025-A596-41E9-BF75-5E6501CE910E}.Debug|Any CPU.Build.0 = Debug|Any CPU
		{A61C1025-A596-41E9-BF75-5E6501CE910E}.Release|Any CPU.ActiveCfg = Release|Any CPU
		{A61C1025-A596-41E9-BF75-5E6501CE910E}.Release|Any CPU.Build.0 = Release|Any CPU
		{3B9D7E03-1928-4AFB-BACA-AB6812C9B114}.Debug|Any CPU.ActiveCfg = Debug|Any CPU
		{3B9D7E03-1928-4AFB-BACA-AB6812C9B114}.Debug|Any CPU.Build.0 = Debug|Any CPU
		{3B9D7E03-1928-4AFB-BACA-AB6812C9B114}.Release|Any CPU.ActiveCfg = Release|Any CPU
		{3B9D7E03-1928-4AFB-BACA-AB6812C9B114}.Release|Any CPU.Build.0 = Release|Any CPU
		{ADD7C111-12C9-4356-B755-C5F0B863DCB7}.Debug|Any CPU.ActiveCfg = Debug|Any CPU
		{ADD7C111-12C9-4356-B755-C5F0B863DCB7}.Debug|Any CPU.Build.0 = Debug|Any CPU
		{ADD7C111-12C9-4356-B755-C5F0B863DCB7}.Release|Any CPU.ActiveCfg = Release|Any CPU
		{ADD7C111-12C9-4356-B755-C5F0B863DCB7}.Release|Any CPU.Build.0 = Release|Any CPU
		{5B1F1C90-D9CA-40B1-B9F4-4AB1FA7A4740}.Debug|Any CPU.ActiveCfg = Debug|Any CPU
		{5B1F1C90-D9CA-40B1-B9F4-4AB1FA7A4740}.Debug|Any CPU.Build.0 = Debug|Any CPU
		{5B1F1C90-D9CA-40B1-B9F4-4AB1FA7A4740}.Release|Any CPU.ActiveCfg = Release|Any CPU
		{5B1F1C90-D9CA-40B1-B9F4-4AB1FA7A4740}.Release|Any CPU.Build.0 = Release|Any CPU
		{D7C54B3E-ECB7-4F30-9839-DA1860D9199F}.Debug|Any CPU.ActiveCfg = Debug|Any CPU
		{D7C54B3E-ECB7-4F30-9839-DA1860D9199F}.Debug|Any CPU.Build.0 = Debug|Any CPU
		{D7C54B3E-ECB7-4F30-9839-DA1860D9199F}.Release|Any CPU.ActiveCfg = Release|Any CPU
		{D7C54B3E-ECB7-4F30-9839-DA1860D9199F}.Release|Any CPU.Build.0 = Release|Any CPU
	EndGlobalSection
	GlobalSection(SolutionProperties) = preSolution
		HideSolutionNode = FALSE
	EndGlobalSection
	GlobalSection(ExtensibilityGlobals) = postSolution
		SolutionGuid = {33A7B259-3413-44A1-ADC4-747AB0B0034F}
	EndGlobalSection
EndGlobal
